
Microsoft Visual Studio Solution File, Format Version 12.00
# Visual Studio Version 16
VisualStudioVersion = 16.0.31727.386
MinimumVisualStudioVersion = 10.0.40219.1
Project("{9A19103F-16F7-4668-BE54-9A1E7A4F7556}") = "Check_BirtNum", "Check_BirtNum\Check_BirtNum.csproj", "{BEA44BAF-A859-41FB-AD0A-2CB87C070957}"
EndProject
Project("{54435603-DBB4-11D2-8724-00A0C9A8B90C}") = "BirtCheck_Setup", "BirtCheck_Setup\BirtCheck_Setup.vdproj", "{DB1DED29-74DD-4A67-8E62-888FAD9A9D34}"
EndProject
Global
	GlobalSection(SolutionConfigurationPlatforms) = preSolution
		Debug|Any CPU = Debug|Any CPU
		Release|Any CPU = Release|Any CPU
	EndGlobalSection
	GlobalSection(ProjectConfigurationPlatforms) = postSolution
		{BEA44BAF-A859-41FB-AD0A-2CB87C070957}.Debug|Any CPU.ActiveCfg = Release|Any CPU
		{BEA44BAF-A859-41FB-AD0A-2CB87C070957}.Debug|Any CPU.Build.0 = Release|Any CPU
		{BEA44BAF-A859-41FB-AD0A-2CB87C070957}.Release|Any CPU.ActiveCfg = Release|Any CPU
		{BEA44BAF-A859-41FB-AD0A-2CB87C070957}.Release|Any CPU.Build.0 = Release|Any CPU
		{DB1DED29-74DD-4A67-8E62-888FAD9A9D34}.Debug|Any CPU.ActiveCfg = Release
		{DB1DED29-74DD-4A67-8E62-888FAD9A9D34}.Release|Any CPU.ActiveCfg = Release
	EndGlobalSection
	GlobalSection(SolutionProperties) = preSolution
		HideSolutionNode = FALSE
	EndGlobalSection
	GlobalSection(ExtensibilityGlobals) = postSolution
		SolutionGuid = {AC8AC57C-7EF0-4952-BA27-14DD546CAF3F}
	EndGlobalSection
EndGlobal
